
Microsoft Visual Studio Solution File, Format Version 12.00
# Visual Studio Version 17
VisualStudioVersion = 17.2.32505.173
MinimumVisualStudioVersion = 10.0.40219.1
Project("{FAE04EC0-301F-11D3-BF4B-00C04F79EFBC}") = "NZWalks.API", "NZWalks.API\NZWalks.API.csproj", "{AA1A8286-A172-468A-B4B0-58C57A810963}"
EndProject
Global
	GlobalSection(SolutionConfigurationPlatforms) = preSolution
		Debug|Any CPU = Debug|Any CPU
		Release|Any CPU = Release|Any CPU
	EndGlobalSection
	GlobalSection(ProjectConfigurationPlatforms) = postSolution
		{AA1A8286-A172-468A-B4B0-58C57A810963}.Debug|Any CPU.ActiveCfg = Debug|Any CPU
		{AA1A8286-A172-468A-B4B0-58C57A810963}.Debug|Any CPU.Build.0 = Debug|Any CPU
		{AA1A8286-A172-468A-B4B0-58C57A810963}.Release|Any CPU.ActiveCfg = Release|Any CPU
		{AA1A8286-A172-468A-B4B0-58C57A810963}.Release|Any CPU.Build.0 = Release|Any CPU
	EndGlobalSection
	GlobalSection(SolutionProperties) = preSolution
		HideSolutionNode = FALSE
	EndGlobalSection
	GlobalSection(ExtensibilityGlobals) = postSolution
		SolutionGuid = {34C44B3C-9294-479A-BC2E-9BD09466814E}
	EndGlobalSection
EndGlobal
